
Microsoft Visual Studio Solution File, Format Version 12.00
Project("{2150E333-8FDC-42A3-9474-1A3956D46DE8}") = "n1-looping", "n1-looping", "{814529A0-6C12-435B-B0FF-9112FCFC7726}"
EndProject
Project("{FAE04EC0-301F-11D3-BF4B-00C04F79EFBC}") = "LoopingExample", "LoopingExample\LoopingExample.csproj", "{CD26766B-69D2-4539-8DCD-86F1D9F0DA50}"
EndProject
Project("{FAE04EC0-301F-11D3-BF4B-00C04F79EFBC}") = "LoopingHomeTask", "LoopingHomeTask\LoopingHomeTask.csproj", "{E7276A08-7DEB-434A-9620-39389B4AC041}"
EndProject
Project("{2150E333-8FDC-42A3-9474-1A3956D46DE8}") = "example", "example", "{9994A669-574C-47D6-9436-FEAC38A66F28}"
EndProject
Project("{2150E333-8FDC-42A3-9474-1A3956D46DE8}") = "task", "task", "{395CDD40-2F22-4ACC-BE7E-3C4518309B10}"
EndProject
Project("{2150E333-8FDC-42A3-9474-1A3956D46DE8}") = "home-task", "home-task", "{CA845857-A7CE-40DC-97F4-7B87CD939CD9}"
EndProject
Project("{FAE04EC0-301F-11D3-BF4B-00C04F79EFBC}") = "LoopingHomeTask.Unit", "LoopingHomeTask.Unit\LoopingHomeTask.Unit.csproj", "{E08B8917-0538-4C6B-B7EB-AC00A300130A}"
EndProject
Global
	GlobalSection(SolutionConfigurationPlatforms) = preSolution
		Debug|Any CPU = Debug|Any CPU
		Release|Any CPU = Release|Any CPU
	EndGlobalSection
	GlobalSection(NestedProjects) = preSolution
		{9994A669-574C-47D6-9436-FEAC38A66F28} = {814529A0-6C12-435B-B0FF-9112FCFC7726}
		{395CDD40-2F22-4ACC-BE7E-3C4518309B10} = {814529A0-6C12-435B-B0FF-9112FCFC7726}
		{CA845857-A7CE-40DC-97F4-7B87CD939CD9} = {814529A0-6C12-435B-B0FF-9112FCFC7726}
		{CD26766B-69D2-4539-8DCD-86F1D9F0DA50} = {9994A669-574C-47D6-9436-FEAC38A66F28}
		{E7276A08-7DEB-434A-9620-39389B4AC041} = {CA845857-A7CE-40DC-97F4-7B87CD939CD9}
		{E08B8917-0538-4C6B-B7EB-AC00A300130A} = {CA845857-A7CE-40DC-97F4-7B87CD939CD9}
	EndGlobalSection
	GlobalSection(ProjectConfigurationPlatforms) = postSolution
		{CD26766B-69D2-4539-8DCD-86F1D9F0DA50}.Debug|Any CPU.ActiveCfg = Debug|Any CPU
		{CD26766B-69D2-4539-8DCD-86F1D9F0DA50}.Debug|Any CPU.Build.0 = Debug|Any CPU
		{CD26766B-69D2-4539-8DCD-86F1D9F0DA50}.Release|Any CPU.ActiveCfg = Release|Any CPU
		{CD26766B-69D2-4539-8DCD-86F1D9F0DA50}.Release|Any CPU.Build.0 = Release|Any CPU
		{E7276A08-7DEB-434A-9620-39389B4AC041}.Debug|Any CPU.ActiveCfg = Debug|Any CPU
		{E7276A08-7DEB-434A-9620-39389B4AC041}.Debug|Any CPU.Build.0 = Debug|Any CPU
		{E7276A08-7DEB-434A-9620-39389B4AC041}.Release|Any CPU.ActiveCfg = Release|Any CPU
		{E7276A08-7DEB-434A-9620-39389B4AC041}.Release|Any CPU.Build.0 = Release|Any CPU
		{E08B8917-0538-4C6B-B7EB-AC00A300130A}.Debug|Any CPU.ActiveCfg = Debug|Any CPU
		{E08B8917-0538-4C6B-B7EB-AC00A300130A}.Debug|Any CPU.Build.0 = Debug|Any CPU
		{E08B8917-0538-4C6B-B7EB-AC00A300130A}.Release|Any CPU.ActiveCfg = Release|Any CPU
		{E08B8917-0538-4C6B-B7EB-AC00A300130A}.Release|Any CPU.Build.0 = Release|Any CPU
	EndGlobalSection
EndGlobal
